
Microsoft Visual Studio Solution File, Format Version 12.00
# Visual Studio Version 16
VisualStudioVersion = 16.0.30717.126
MinimumVisualStudioVersion = 10.0.40219.1
Project("{FAE04EC0-301F-11D3-BF4B-00C04F79EFBC}") = "Otopark", "Otopark\Otopark.csproj", "{5F601E9B-B3D0-4CEB-9417-E444A210717B}"
EndProject
Global
	GlobalSection(SolutionConfigurationPlatforms) = preSolution
		Debug|Any CPU = Debug|Any CPU
		Release|Any CPU = Release|Any CPU
	EndGlobalSection
	GlobalSection(ProjectConfigurationPlatforms) = postSolution
		{5F601E9B-B3D0-4CEB-9417-E444A210717B}.Debug|Any CPU.ActiveCfg = Debug|Any CPU
		{5F601E9B-B3D0-4CEB-9417-E444A210717B}.Debug|Any CPU.Build.0 = Debug|Any CPU
		{5F601E9B-B3D0-4CEB-9417-E444A210717B}.Release|Any CPU.ActiveCfg = Release|Any CPU
		{5F601E9B-B3D0-4CEB-9417-E444A210717B}.Release|Any CPU.Build.0 = Release|Any CPU
	EndGlobalSection
	GlobalSection(SolutionProperties) = preSolution
		HideSolutionNode = FALSE
	EndGlobalSection
	GlobalSection(ExtensibilityGlobals) = postSolution
		SolutionGuid = {CAC4DAE5-7D95-4B7C-A310-A0F45935FFCA}
	EndGlobalSection
EndGlobal
